
Microsoft Visual Studio Solution File, Format Version 12.00
# Visual Studio Version 17
VisualStudioVersion = 17.7.34221.43
MinimumVisualStudioVersion = 10.0.40219.1
Project("{FAE04EC0-301F-11D3-BF4B-00C04F79EFBC}") = "ConsoleAppGit", "ConsoleAppGit.csproj", "{178DB4AA-6C03-4434-855A-499483A907FE}"
EndProject
Global
	GlobalSection(SolutionConfigurationPlatforms) = preSolution
		Debug|Any CPU = Debug|Any CPU
		Release|Any CPU = Release|Any CPU
	EndGlobalSection
	GlobalSection(ProjectConfigurationPlatforms) = postSolution
		{178DB4AA-6C03-4434-855A-499483A907FE}.Debug|Any CPU.ActiveCfg = Debug|Any CPU
		{178DB4AA-6C03-4434-855A-499483A907FE}.Debug|Any CPU.Build.0 = Debug|Any CPU
		{178DB4AA-6C03-4434-855A-499483A907FE}.Release|Any CPU.ActiveCfg = Release|Any CPU
		{178DB4AA-6C03-4434-855A-499483A907FE}.Release|Any CPU.Build.0 = Release|Any CPU
	EndGlobalSection
	GlobalSection(SolutionProperties) = preSolution
		HideSolutionNode = FALSE
	EndGlobalSection
	GlobalSection(ExtensibilityGlobals) = postSolution
		SolutionGuid = {BA433DBA-009C-4FEA-966E-34A265056ED8}
	EndGlobalSection
EndGlobal
